
Microsoft Visual Studio Solution File, Format Version 12.00
# Visual Studio Version 17
VisualStudioVersion = 17.3.32929.385
MinimumVisualStudioVersion = 10.0.40219.1
Project("{FAE04EC0-301F-11D3-BF4B-00C04F79EFBC}") = "SistemaDeFuncionarios", "SistemaDeFuncionarios\SistemaDeFuncionarios.csproj", "{C339DF67-949B-4038-8501-CBF78E30B576}"
EndProject
Global
	GlobalSection(SolutionConfigurationPlatforms) = preSolution
		Debug|Any CPU = Debug|Any CPU
		Release|Any CPU = Release|Any CPU
	EndGlobalSection
	GlobalSection(ProjectConfigurationPlatforms) = postSolution
		{C339DF67-949B-4038-8501-CBF78E30B576}.Debug|Any CPU.ActiveCfg = Debug|Any CPU
		{C339DF67-949B-4038-8501-CBF78E30B576}.Debug|Any CPU.Build.0 = Debug|Any CPU
		{C339DF67-949B-4038-8501-CBF78E30B576}.Release|Any CPU.ActiveCfg = Release|Any CPU
		{C339DF67-949B-4038-8501-CBF78E30B576}.Release|Any CPU.Build.0 = Release|Any CPU
	EndGlobalSection
	GlobalSection(SolutionProperties) = preSolution
		HideSolutionNode = FALSE
	EndGlobalSection
	GlobalSection(ExtensibilityGlobals) = postSolution
		SolutionGuid = {786A3FE8-8407-4986-8778-5AAD3D3C120F}
	EndGlobalSection
EndGlobal
